
Microsoft Visual Studio Solution File, Format Version 12.00
# Visual Studio 14
VisualStudioVersion = 14.0.25123.0
MinimumVisualStudioVersion = 10.0.40219.1
Project("{8BC9CEB8-8B4A-11D0-8D11-00A0C91BC942}") = "LuaScriptMgr", "LuaScriptMgr\LuaScriptMgr.vcxproj", "{082C2F78-52B8-42CD-81A3-D563CCFC6518}"
	ProjectSection(ProjectDependencies) = postProject
		{5F856139-8627-4511-B1F6-5B2258DA859D} = {5F856139-8627-4511-B1F6-5B2258DA859D}
	EndProjectSection
EndProject
Project("{8BC9CEB8-8B4A-11D0-8D11-00A0C91BC942}") = "LuaLib", "LuaLib\LuaLib.vcxproj", "{5F856139-8627-4511-B1F6-5B2258DA859D}"
EndProject
Global
	GlobalSection(SolutionConfigurationPlatforms) = preSolution
		Debug|x64 = Debug|x64
		Debug|x86 = Debug|x86
		Release|x64 = Release|x64
		Release|x86 = Release|x86
	EndGlobalSection
	GlobalSection(ProjectConfigurationPlatforms) = postSolution
		{082C2F78-52B8-42CD-81A3-D563CCFC6518}.Debug|x64.ActiveCfg = Debug|x64
		{082C2F78-52B8-42CD-81A3-D563CCFC6518}.Debug|x64.Build.0 = Debug|x64
		{082C2F78-52B8-42CD-81A3-D563CCFC6518}.Debug|x86.ActiveCfg = Debug|Win32
		{082C2F78-52B8-42CD-81A3-D563CCFC6518}.Debug|x86.Build.0 = Debug|Win32
		{082C2F78-52B8-42CD-81A3-D563CCFC6518}.Release|x64.ActiveCfg = Release|x64
		{082C2F78-52B8-42CD-81A3-D563CCFC6518}.Release|x64.Build.0 = Release|x64
		{082C2F78-52B8-42CD-81A3-D563CCFC6518}.Release|x86.ActiveCfg = Release|Win32
		{082C2F78-52B8-42CD-81A3-D563CCFC6518}.Release|x86.Build.0 = Release|Win32
		{5F856139-8627-4511-B1F6-5B2258DA859D}.Debug|x64.ActiveCfg = Debug|x64
		{5F856139-8627-4511-B1F6-5B2258DA859D}.Debug|x64.Build.0 = Debug|x64
		{5F856139-8627-4511-B1F6-5B2258DA859D}.Debug|x86.ActiveCfg = Debug|Win32
		{5F856139-8627-4511-B1F6-5B2258DA859D}.Debug|x86.Build.0 = Debug|Win32
		{5F856139-8627-4511-B1F6-5B2258DA859D}.Release|x64.ActiveCfg = Release|x64
		{5F856139-8627-4511-B1F6-5B2258DA859D}.Release|x64.Build.0 = Release|x64
		{5F856139-8627-4511-B1F6-5B2258DA859D}.Release|x86.ActiveCfg = Release|Win32
		{5F856139-8627-4511-B1F6-5B2258DA859D}.Release|x86.Build.0 = Release|Win32
	EndGlobalSection
	GlobalSection(SolutionProperties) = preSolution
		HideSolutionNode = FALSE
	EndGlobalSection
EndGlobal
